
Microsoft Visual Studio Solution File, Format Version 12.00
# Visual Studio 14
VisualStudioVersion = 14.0.25420.1
MinimumVisualStudioVersion = 10.0.40219.1
Project("{FAE04EC0-301F-11D3-BF4B-00C04F79EFBC}") = "NavigationStartedEventUri.Android", "NavigationStartedEventUri\NavigationStartedEventUri.Android\NavigationStartedEventUri.Android.csproj", "{F9F062B9-510E-43B9-927B-71B91A899481}"
EndProject
Project("{FAE04EC0-301F-11D3-BF4B-00C04F79EFBC}") = "NavigationStartedEventUri", "NavigationStartedEventUri\NavigationStartedEventUri\NavigationStartedEventUri.csproj", "{465B8F5A-F714-46E5-87BE-15EBAD541567}"
EndProject
Project("{FAE04EC0-301F-11D3-BF4B-00C04F79EFBC}") = "NavigationStartedEventUri.UWP", "NavigationStartedEventUri\NavigationStartedEventUri.UWP\NavigationStartedEventUri.UWP.csproj", "{991D82EA-01BA-4F65-BC27-34DAB11C3BD5}"
EndProject
Project("{FAE04EC0-301F-11D3-BF4B-00C04F79EFBC}") = "NavigationStartedEventUri.iOS", "NavigationStartedEventUri\NavigationStartedEventUri.iOS\NavigationStartedEventUri.iOS.csproj", "{6058F64E-EAFF-4CE6-9ED8-08FE7D4BB632}"
EndProject
Global
	GlobalSection(SolutionConfigurationPlatforms) = preSolution
		Ad-Hoc|Any CPU = Ad-Hoc|Any CPU
		Ad-Hoc|ARM = Ad-Hoc|ARM
		Ad-Hoc|iPhone = Ad-Hoc|iPhone
		Ad-Hoc|iPhoneSimulator = Ad-Hoc|iPhoneSimulator
		Ad-Hoc|x64 = Ad-Hoc|x64
		Ad-Hoc|x86 = Ad-Hoc|x86
		AppStore|Any CPU = AppStore|Any CPU
		AppStore|ARM = AppStore|ARM
		AppStore|iPhone = AppStore|iPhone
		AppStore|iPhoneSimulator = AppStore|iPhoneSimulator
		AppStore|x64 = AppStore|x64
		AppStore|x86 = AppStore|x86
		Debug|Any CPU = Debug|Any CPU
		Debug|ARM = Debug|ARM
		Debug|iPhone = Debug|iPhone
		Debug|iPhoneSimulator = Debug|iPhoneSimulator
		Debug|x64 = Debug|x64
		Debug|x86 = Debug|x86
		Release|Any CPU = Release|Any CPU
		Release|ARM = Release|ARM
		Release|iPhone = Release|iPhone
		Release|iPhoneSimulator = Release|iPhoneSimulator
		Release|x64 = Release|x64
		Release|x86 = Release|x86
	EndGlobalSection
	GlobalSection(ProjectConfigurationPlatforms) = postSolution
		{F9F062B9-510E-43B9-927B-71B91A899481}.Ad-Hoc|Any CPU.ActiveCfg = Release|Any CPU
		{F9F062B9-510E-43B9-927B-71B91A899481}.Ad-Hoc|Any CPU.Build.0 = Release|Any CPU
		{F9F062B9-510E-43B9-927B-71B91A899481}.Ad-Hoc|Any CPU.Deploy.0 = Release|Any CPU
		{F9F062B9-510E-43B9-927B-71B91A899481}.Ad-Hoc|ARM.ActiveCfg = Release|Any CPU
		{F9F062B9-510E-43B9-927B-71B91A899481}.Ad-Hoc|ARM.Build.0 = Release|Any CPU
		{F9F062B9-510E-43B9-927B-71B91A899481}.Ad-Hoc|ARM.Deploy.0 = Release|Any CPU
		{F9F062B9-510E-43B9-927B-71B91A899481}.Ad-Hoc|iPhone.ActiveCfg = Release|Any CPU
		{F9F062B9-510E-43B9-927B-71B91A899481}.Ad-Hoc|iPhone.Build.0 = Release|Any CPU
		{F9F062B9-510E-43B9-927B-71B91A899481}.Ad-Hoc|iPhone.Deploy.0 = Release|Any CPU
		{F9F062B9-510E-43B9-927B-71B91A899481}.Ad-Hoc|iPhoneSimulator.ActiveCfg = Release|Any CPU
		{F9F062B9-510E-43B9-927B-71B91A899481}.Ad-Hoc|iPhoneSimulator.Build.0 = Release|Any CPU
		{F9F062B9-510E-43B9-927B-71B91A899481}.Ad-Hoc|iPhoneSimulator.Deploy.0 = Release|Any CPU
		{F9F062B9-510E-43B9-927B-71B91A899481}.Ad-Hoc|x64.ActiveCfg = Release|Any CPU
		{F9F062B9-510E-43B9-927B-71B91A899481}.Ad-Hoc|x64.Build.0 = Release|Any CPU
		{F9F062B9-510E-43B9-927B-71B91A899481}.Ad-Hoc|x64.Deploy.0 = Release|Any CPU
		{F9F062B9-510E-43B9-927B-71B91A899481}.Ad-Hoc|x86.ActiveCfg = Release|Any CPU
		{F9F062B9-510E-43B9-927B-71B91A899481}.Ad-Hoc|x86.Build.0 = Release|Any CPU
		{F9F062B9-510E-43B9-927B-71B91A899481}.Ad-Hoc|x86.Deploy.0 = Release|Any CPU
		{F9F062B9-510E-43B9-927B-71B91A899481}.AppStore|Any CPU.ActiveCfg = Release|Any CPU
		{F9F062B9-510E-43B9-927B-71B91A899481}.AppStore|Any CPU.Build.0 = Release|Any CPU
		{F9F062B9-510E-43B9-927B-71B91A899481}.AppStore|Any CPU.Deploy.0 = Release|Any CPU
		{F9F062B9-510E-43B9-927B-71B91A899481}.AppStore|ARM.ActiveCfg = Release|Any CPU
		{F9F062B9-510E-43B9-927B-71B91A899481}.AppStore|ARM.Build.0 = Release|Any CPU
		{F9F062B9-510E-43B9-927B-71B91A899481}.AppStore|ARM.Deploy.0 = Release|Any CPU
		{F9F062B9-510E-43B9-927B-71B91A899481}.AppStore|iPhone.ActiveCfg = Release|Any CPU
		{F9F062B9-510E-43B9-927B-71B91A899481}.AppStore|iPhone.Build.0 = Release|Any CPU
		{F9F062B9-510E-43B9-927B-71B91A899481}.AppStore|iPhone.Deploy.0 = Release|Any CPU
		{F9F062B9-510E-43B9-927B-71B91A899481}.AppStore|iPhoneSimulator.ActiveCfg = Release|Any CPU
		{F9F062B9-510E-43B9-927B-71B91A899481}.AppStore|iPhoneSimulator.Build.0 = Release|Any CPU
		{F9F062B9-510E-43B9-927B-71B91A899481}.AppStore|iPhoneSimulator.Deploy.0 = Release|Any CPU
		{F9F062B9-510E-43B9-927B-71B91A899481}.AppStore|x64.ActiveCfg = Release|Any CPU
		{F9F062B9-510E-43B9-927B-71B91A899481}.AppStore|x64.Build.0 = Release|Any CPU
		{F9F062B9-510E-43B9-927B-71B91A899481}.AppStore|x64.Deploy.0 = Release|Any CPU
		{F9F062B9-510E-43B9-927B-71B91A899481}.AppStore|x86.ActiveCfg = Release|Any CPU
		{F9F062B9-510E-43B9-927B-71B91A899481}.AppStore|x86.Build.0 = Release|Any CPU
		{F9F062B9-510E-43B9-927B-71B91A899481}.AppStore|x86.Deploy.0 = Release|Any CPU
		{F9F062B9-510E-43B9-927B-71B91A899481}.Debug|Any CPU.ActiveCfg = Debug|Any CPU
		{F9F062B9-510E-43B9-927B-71B91A899481}.Debug|Any CPU.Build.0 = Debug|Any CPU
		{F9F062B9-510E-43B9-927B-71B91A899481}.Debug|Any CPU.Deploy.0 = Debug|Any CPU
		{F9F062B9-510E-43B9-927B-71B91A899481}.Debug|ARM.ActiveCfg = Debug|Any CPU
		{F9F062B9-510E-43B9-927B-71B91A899481}.Debug|ARM.Build.0 = Debug|Any CPU
		{F9F062B9-510E-43B9-927B-71B91A899481}.Debug|ARM.Deploy.0 = Debug|Any CPU
		{F9F062B9-510E-43B9-927B-71B91A899481}.Debug|iPhone.ActiveCfg = Debug|Any CPU
		{F9F062B9-510E-43B9-927B-71B91A899481}.Debug|iPhone.Build.0 = Debug|Any CPU
		{F9F062B9-510E-43B9-927B-71B91A899481}.Debug|iPhone.Deploy.0 = Debug|Any CPU
		{F9F062B9-510E-43B9-927B-71B91A899481}.Debug|iPhoneSimulator.ActiveCfg = Debug|Any CPU
		{F9F062B9-510E-43B9-927B-71B91A899481}.Debug|iPhoneSimulator.Build.0 = Debug|Any CPU
		{F9F062B9-510E-43B9-927B-71B91A899481}.Debug|iPhoneSimulator.Deploy.0 = Debug|Any CPU
		{F9F062B9-510E-43B9-927B-71B91A899481}.Debug|x64.ActiveCfg = Debug|Any CPU
		{F9F062B9-510E-43B9-927B-71B91A899481}.Debug|x64.Build.0 = Debug|Any CPU
		{F9F062B9-510E-43B9-927B-71B91A899481}.Debug|x64.Deploy.0 = Debug|Any CPU
		{F9F062B9-510E-43B9-927B-71B91A899481}.Debug|x86.ActiveCfg = Debug|Any CPU
		{F9F062B9-510E-43B9-927B-71B91A899481}.Debug|x86.Build.0 = Debug|Any CPU
		{F9F062B9-510E-43B9-927B-71B91A899481}.Debug|x86.Deploy.0 = Debug|Any CPU
		{F9F062B9-510E-43B9-927B-71B91A899481}.Release|Any CPU.ActiveCfg = Release|Any CPU
		{F9F062B9-510E-43B9-927B-71B91A899481}.Release|Any CPU.Build.0 = Release|Any CPU
		{F9F062B9-510E-43B9-927B-71B91A899481}.Release|Any CPU.Deploy.0 = Release|Any CPU
		{F9F062B9-510E-43B9-927B-71B91A899481}.Release|ARM.ActiveCfg = Release|Any CPU
		{F9F062B9-510E-43B9-927B-71B91A899481}.Release|ARM.Build.0 = Release|Any CPU
		{F9F062B9-510E-43B9-927B-71B91A899481}.Release|ARM.Deploy.0 = Release|Any CPU
		{F9F062B9-510E-43B9-927B-71B91A899481}.Release|iPhone.ActiveCfg = Release|Any CPU
		{F9F062B9-510E-43B9-927B-71B91A899481}.Release|iPhone.Build.0 = Release|Any CPU
		{F9F062B9-510E-43B9-927B-71B91A899481}.Release|iPhone.Deploy.0 = Release|Any CPU
		{F9F062B9-510E-43B9-927B-71B91A899481}.Release|iPhoneSimulator.ActiveCfg = Release|Any CPU
		{F9F062B9-510E-43B9-927B-71B91A899481}.Release|iPhoneSimulator.Build.0 = Release|Any CPU
		{F9F062B9-510E-43B9-927B-71B91A899481}.Release|iPhoneSimulator.Deploy.0 = Release|Any CPU
		{F9F062B9-510E-43B9-927B-71B91A899481}.Release|x64.ActiveCfg = Release|Any CPU
		{F9F062B9-510E-43B9-927B-71B91A899481}.Release|x64.Build.0 = Release|Any CPU
		{F9F062B9-510E-43B9-927B-71B91A899481}.Release|x64.Deploy.0 = Release|Any CPU
		{F9F062B9-510E-43B9-927B-71B91A899481}.Release|x86.ActiveCfg = Release|Any CPU
		{F9F062B9-510E-43B9-927B-71B91A899481}.Release|x86.Build.0 = Release|Any CPU
		{F9F062B9-510E-43B9-927B-71B91A899481}.Release|x86.Deploy.0 = Release|Any CPU
		{465B8F5A-F714-46E5-87BE-15EBAD541567}.Ad-Hoc|Any CPU.ActiveCfg = Release|Any CPU
		{465B8F5A-F714-46E5-87BE-15EBAD541567}.Ad-Hoc|Any CPU.Build.0 = Release|Any CPU
		{465B8F5A-F714-46E5-87BE-15EBAD541567}.Ad-Hoc|ARM.ActiveCfg = Release|Any CPU
		{465B8F5A-F714-46E5-87BE-15EBAD541567}.Ad-Hoc|ARM.Build.0 = Release|Any CPU
		{465B8F5A-F714-46E5-87BE-15EBAD541567}.Ad-Hoc|iPhone.ActiveCfg = Release|Any CPU
		{465B8F5A-F714-46E5-87BE-15EBAD541567}.Ad-Hoc|iPhone.Build.0 = Release|Any CPU
		{465B8F5A-F714-46E5-87BE-15EBAD541567}.Ad-Hoc|iPhoneSimulator.ActiveCfg = Release|Any CPU
		{465B8F5A-F714-46E5-87BE-15EBAD541567}.Ad-Hoc|iPhoneSimulator.Build.0 = Release|Any CPU
		{465B8F5A-F714-46E5-87BE-15EBAD541567}.Ad-Hoc|x64.ActiveCfg = Release|Any CPU
		{465B8F5A-F714-46E5-87BE-15EBAD541567}.Ad-Hoc|x64.Build.0 = Release|Any CPU
		{465B8F5A-F714-46E5-87BE-15EBAD541567}.Ad-Hoc|x86.ActiveCfg = Release|Any CPU
		{465B8F5A-F714-46E5-87BE-15EBAD541567}.Ad-Hoc|x86.Build.0 = Release|Any CPU
		{465B8F5A-F714-46E5-87BE-15EBAD541567}.AppStore|Any CPU.ActiveCfg = Release|Any CPU
		{465B8F5A-F714-46E5-87BE-15EBAD541567}.AppStore|Any CPU.Build.0 = Release|Any CPU
		{465B8F5A-F714-46E5-87BE-15EBAD541567}.AppStore|ARM.ActiveCfg = Release|Any CPU
		{465B8F5A-F714-46E5-87BE-15EBAD541567}.AppStore|ARM.Build.0 = Release|Any CPU
		{465B8F5A-F714-46E5-87BE-15EBAD541567}.AppStore|iPhone.ActiveCfg = Release|Any CPU
		{465B8F5A-F714-46E5-87BE-15EBAD541567}.AppStore|iPhone.Build.0 = Release|Any CPU
		{465B8F5A-F714-46E5-87BE-15EBAD541567}.AppStore|iPhoneSimulator.ActiveCfg = Release|Any CPU
		{465B8F5A-F714-46E5-87BE-15EBAD541567}.AppStore|iPhoneSimulator.Build.0 = Release|Any CPU
		{465B8F5A-F714-46E5-87BE-15EBAD541567}.AppStore|x64.ActiveCfg = Release|Any CPU
		{465B8F5A-F714-46E5-87BE-15EBAD541567}.AppStore|x64.Build.0 = Release|Any CPU
		{465B8F5A-F714-46E5-87BE-15EBAD541567}.AppStore|x86.ActiveCfg = Release|Any CPU
		{465B8F5A-F714-46E5-87BE-15EBAD541567}.AppStore|x86.Build.0 = Release|Any CPU
		{465B8F5A-F714-46E5-87BE-15EBAD541567}.Debug|Any CPU.ActiveCfg = Debug|Any CPU
		{465B8F5A-F714-46E5-87BE-15EBAD541567}.Debug|Any CPU.Build.0 = Debug|Any CPU
		{465B8F5A-F714-46E5-87BE-15EBAD541567}.Debug|ARM.ActiveCfg = Debug|Any CPU
		{465B8F5A-F714-46E5-87BE-15EBAD541567}.Debug|ARM.Build.0 = Debug|Any CPU
		{465B8F5A-F714-46E5-87BE-15EBAD541567}.Debug|iPhone.ActiveCfg = Debug|Any CPU
		{465B8F5A-F714-46E5-87BE-15EBAD541567}.Debug|iPhone.Build.0 = Debug|Any CPU
		{465B8F5A-F714-46E5-87BE-15EBAD541567}.Debug|iPhoneSimulator.ActiveCfg = Debug|Any CPU
		{465B8F5A-F714-46E5-87BE-15EBAD541567}.Debug|iPhoneSimulator.Build.0 = Debug|Any CPU
		{465B8F5A-F714-46E5-87BE-15EBAD541567}.Debug|x64.ActiveCfg = Debug|Any CPU
		{465B8F5A-F714-46E5-87BE-15EBAD541567}.Debug|x64.Build.0 = Debug|Any CPU
		{465B8F5A-F714-46E5-87BE-15EBAD541567}.Debug|x86.ActiveCfg = Debug|Any CPU
		{465B8F5A-F714-46E5-87BE-15EBAD541567}.Debug|x86.Build.0 = Debug|Any CPU
		{465B8F5A-F714-46E5-87BE-15EBAD541567}.Release|Any CPU.ActiveCfg = Release|Any CPU
		{465B8F5A-F714-46E5-87BE-15EBAD541567}.Release|Any CPU.Build.0 = Release|Any CPU
		{465B8F5A-F714-46E5-87BE-15EBAD541567}.Release|ARM.ActiveCfg = Release|Any CPU
		{465B8F5A-F714-46E5-87BE-15EBAD541567}.Release|ARM.Build.0 = Release|Any CPU
		{465B8F5A-F714-46E5-87BE-15EBAD541567}.Release|iPhone.ActiveCfg = Release|Any CPU
		{465B8F5A-F714-46E5-87BE-15EBAD541567}.Release|iPhone.Build.0 = Release|Any CPU
		{465B8F5A-F714-46E5-87BE-15EBAD541567}.Release|iPhoneSimulator.ActiveCfg = Release|Any CPU
		{465B8F5A-F714-46E5-87BE-15EBAD541567}.Release|iPhoneSimulator.Build.0 = Release|Any CPU
		{465B8F5A-F714-46E5-87BE-15EBAD541567}.Release|x64.ActiveCfg = Release|Any CPU
		{465B8F5A-F714-46E5-87BE-15EBAD541567}.Release|x64.Build.0 = Release|Any CPU
		{465B8F5A-F714-46E5-87BE-15EBAD541567}.Release|x86.ActiveCfg = Release|Any CPU
		{465B8F5A-F714-46E5-87BE-15EBAD541567}.Release|x86.Build.0 = Release|Any CPU
		{991D82EA-01BA-4F65-BC27-34DAB11C3BD5}.Ad-Hoc|Any CPU.ActiveCfg = Release|x86
		{991D82EA-01BA-4F65-BC27-34DAB11C3BD5}.Ad-Hoc|Any CPU.Build.0 = Release|x86
		{991D82EA-01BA-4F65-BC27-34DAB11C3BD5}.Ad-Hoc|Any CPU.Deploy.0 = Release|x86
		{991D82EA-01BA-4F65-BC27-34DAB11C3BD5}.Ad-Hoc|ARM.ActiveCfg = Release|ARM
		{991D82EA-01BA-4F65-BC27-34DAB11C3BD5}.Ad-Hoc|ARM.Build.0 = Release|ARM
		{991D82EA-01BA-4F65-BC27-34DAB11C3BD5}.Ad-Hoc|ARM.Deploy.0 = Release|ARM
		{991D82EA-01BA-4F65-BC27-34DAB11C3BD5}.Ad-Hoc|iPhone.ActiveCfg = Release|x86
		{991D82EA-01BA-4F65-BC27-34DAB11C3BD5}.Ad-Hoc|iPhone.Build.0 = Release|x86
		{991D82EA-01BA-4F65-BC27-34DAB11C3BD5}.Ad-Hoc|iPhone.Deploy.0 = Release|x86
		{991D82EA-01BA-4F65-BC27-34DAB11C3BD5}.Ad-Hoc|iPhoneSimulator.ActiveCfg = Release|x86
		{991D82EA-01BA-4F65-BC27-34DAB11C3BD5}.Ad-Hoc|iPhoneSimulator.Build.0 = Release|x86
		{991D82EA-01BA-4F65-BC27-34DAB11C3BD5}.Ad-Hoc|iPhoneSimulator.Deploy.0 = Release|x86
		{991D82EA-01BA-4F65-BC27-34DAB11C3BD5}.Ad-Hoc|x64.ActiveCfg = Release|x64
		{991D82EA-01BA-4F65-BC27-34DAB11C3BD5}.Ad-Hoc|x64.Build.0 = Release|x64
		{991D82EA-01BA-4F65-BC27-34DAB11C3BD5}.Ad-Hoc|x64.Deploy.0 = Release|x64
		{991D82EA-01BA-4F65-BC27-34DAB11C3BD5}.Ad-Hoc|x86.ActiveCfg = Release|x86
		{991D82EA-01BA-4F65-BC27-34DAB11C3BD5}.Ad-Hoc|x86.Build.0 = Release|x86
		{991D82EA-01BA-4F65-BC27-34DAB11C3BD5}.Ad-Hoc|x86.Deploy.0 = Release|x86
		{991D82EA-01BA-4F65-BC27-34DAB11C3BD5}.AppStore|Any CPU.ActiveCfg = Release|x86
		{991D82EA-01BA-4F65-BC27-34DAB11C3BD5}.AppStore|Any CPU.Build.0 = Release|x86
		{991D82EA-01BA-4F65-BC27-34DAB11C3BD5}.AppStore|Any CPU.Deploy.0 = Release|x86
		{991D82EA-01BA-4F65-BC27-34DAB11C3BD5}.AppStore|ARM.ActiveCfg = Release|ARM
		{991D82EA-01BA-4F65-BC27-34DAB11C3BD5}.AppStore|ARM.Build.0 = Release|ARM
		{991D82EA-01BA-4F65-BC27-34DAB11C3BD5}.AppStore|ARM.Deploy.0 = Release|ARM
		{991D82EA-01BA-4F65-BC27-34DAB11C3BD5}.AppStore|iPhone.ActiveCfg = Release|x86
		{991D82EA-01BA-4F65-BC27-34DAB11C3BD5}.AppStore|iPhone.Build.0 = Release|x86
		{991D82EA-01BA-4F65-BC27-34DAB11C3BD5}.AppStore|iPhone.Deploy.0 = Release|x86
		{991D82EA-01BA-4F65-BC27-34DAB11C3BD5}.AppStore|iPhoneSimulator.ActiveCfg = Release|x86
		{991D82EA-01BA-4F65-BC27-34DAB11C3BD5}.AppStore|iPhoneSimulator.Build.0 = Release|x86
		{991D82EA-01BA-4F65-BC27-34DAB11C3BD5}.AppStore|iPhoneSimulator.Deploy.0 = Release|x86
		{991D82EA-01BA-4F65-BC27-34DAB11C3BD5}.AppStore|x64.ActiveCfg = Release|x64
		{991D82EA-01BA-4F65-BC27-34DAB11C3BD5}.AppStore|x64.Build.0 = Release|x64
		{991D82EA-01BA-4F65-BC27-34DAB11C3BD5}.AppStore|x64.Deploy.0 = Release|x64
		{991D82EA-01BA-4F65-BC27-34DAB11C3BD5}.AppStore|x86.ActiveCfg = Release|x86
		{991D82EA-01BA-4F65-BC27-34DAB11C3BD5}.AppStore|x86.Build.0 = Release|x86
		{991D82EA-01BA-4F65-BC27-34DAB11C3BD5}.AppStore|x86.Deploy.0 = Release|x86
		{991D82EA-01BA-4F65-BC27-34DAB11C3BD5}.Debug|Any CPU.ActiveCfg = Debug|x86
		{991D82EA-01BA-4F65-BC27-34DAB11C3BD5}.Debug|Any CPU.Build.0 = Debug|x86
		{991D82EA-01BA-4F65-BC27-34DAB11C3BD5}.Debug|Any CPU.Deploy.0 = Debug|x86
		{991D82EA-01BA-4F65-BC27-34DAB11C3BD5}.Debug|ARM.ActiveCfg = Debug|ARM
		{991D82EA-01BA-4F65-BC27-34DAB11C3BD5}.Debug|ARM.Build.0 = Debug|ARM
		{991D82EA-01BA-4F65-BC27-34DAB11C3BD5}.Debug|ARM.Deploy.0 = Debug|ARM
		{991D82EA-01BA-4F65-BC27-34DAB11C3BD5}.Debug|iPhone.ActiveCfg = Debug|x86
		{991D82EA-01BA-4F65-BC27-34DAB11C3BD5}.Debug|iPhoneSimulator.ActiveCfg = Debug|x86
		{991D82EA-01BA-4F65-BC27-34DAB11C3BD5}.Debug|x64.ActiveCfg = Debug|x64
		{991D82EA-01BA-4F65-BC27-34DAB11C3BD5}.Debug|x64.Build.0 = Debug|x64
		{991D82EA-01BA-4F65-BC27-34DAB11C3BD5}.Debug|x64.Deploy.0 = Debug|x64
		{991D82EA-01BA-4F65-BC27-34DAB11C3BD5}.Debug|x86.ActiveCfg = Debug|x86
		{991D82EA-01BA-4F65-BC27-34DAB11C3BD5}.Debug|x86.Build.0 = Debug|x86
		{991D82EA-01BA-4F65-BC27-34DAB11C3BD5}.Debug|x86.Deploy.0 = Debug|x86
		{991D82EA-01BA-4F65-BC27-34DAB11C3BD5}.Release|Any CPU.ActiveCfg = Release|x86
		{991D82EA-01BA-4F65-BC27-34DAB11C3BD5}.Release|ARM.ActiveCfg = Release|ARM
		{991D82EA-01BA-4F65-BC27-34DAB11C3BD5}.Release|ARM.Build.0 = Release|ARM
		{991D82EA-01BA-4F65-BC27-34DAB11C3BD5}.Release|ARM.Deploy.0 = Release|ARM
		{991D82EA-01BA-4F65-BC27-34DAB11C3BD5}.Release|iPhone.ActiveCfg = Release|x86
		{991D82EA-01BA-4F65-BC27-34DAB11C3BD5}.Release|iPhoneSimulator.ActiveCfg = Release|x86
		{991D82EA-01BA-4F65-BC27-34DAB11C3BD5}.Release|x64.ActiveCfg = Release|x64
		{991D82EA-01BA-4F65-BC27-34DAB11C3BD5}.Release|x64.Build.0 = Release|x64
		{991D82EA-01BA-4F65-BC27-34DAB11C3BD5}.Release|x64.Deploy.0 = Release|x64
		{991D82EA-01BA-4F65-BC27-34DAB11C3BD5}.Release|x86.ActiveCfg = Release|x86
		{991D82EA-01BA-4F65-BC27-34DAB11C3BD5}.Release|x86.Build.0 = Release|x86
		{991D82EA-01BA-4F65-BC27-34DAB11C3BD5}.Release|x86.Deploy.0 = Release|x86
		{6058F64E-EAFF-4CE6-9ED8-08FE7D4BB632}.Ad-Hoc|Any CPU.ActiveCfg = Ad-Hoc|iPhone
		{6058F64E-EAFF-4CE6-9ED8-08FE7D4BB632}.Ad-Hoc|ARM.ActiveCfg = Ad-Hoc|iPhone
		{6058F64E-EAFF-4CE6-9ED8-08FE7D4BB632}.Ad-Hoc|iPhone.ActiveCfg = Ad-Hoc|iPhone
		{6058F64E-EAFF-4CE6-9ED8-08FE7D4BB632}.Ad-Hoc|iPhone.Build.0 = Ad-Hoc|iPhone
		{6058F64E-EAFF-4CE6-9ED8-08FE7D4BB632}.Ad-Hoc|iPhoneSimulator.ActiveCfg = Ad-Hoc|iPhoneSimulator
		{6058F64E-EAFF-4CE6-9ED8-08FE7D4BB632}.Ad-Hoc|iPhoneSimulator.Build.0 = Ad-Hoc|iPhoneSimulator
		{6058F64E-EAFF-4CE6-9ED8-08FE7D4BB632}.Ad-Hoc|x64.ActiveCfg = Ad-Hoc|iPhone
		{6058F64E-EAFF-4CE6-9ED8-08FE7D4BB632}.Ad-Hoc|x86.ActiveCfg = Ad-Hoc|iPhone
		{6058F64E-EAFF-4CE6-9ED8-08FE7D4BB632}.AppStore|Any CPU.ActiveCfg = AppStore|iPhone
		{6058F64E-EAFF-4CE6-9ED8-08FE7D4BB632}.AppStore|ARM.ActiveCfg = AppStore|iPhone
		{6058F64E-EAFF-4CE6-9ED8-08FE7D4BB632}.AppStore|iPhone.ActiveCfg = AppStore|iPhone
		{6058F64E-EAFF-4CE6-9ED8-08FE7D4BB632}.AppStore|iPhone.Build.0 = AppStore|iPhone
		{6058F64E-EAFF-4CE6-9ED8-08FE7D4BB632}.AppStore|iPhoneSimulator.ActiveCfg = AppStore|iPhoneSimulator
		{6058F64E-EAFF-4CE6-9ED8-08FE7D4BB632}.AppStore|iPhoneSimulator.Build.0 = AppStore|iPhoneSimulator
		{6058F64E-EAFF-4CE6-9ED8-08FE7D4BB632}.AppStore|x64.ActiveCfg = AppStore|iPhone
		{6058F64E-EAFF-4CE6-9ED8-08FE7D4BB632}.AppStore|x86.ActiveCfg = AppStore|iPhone
		{6058F64E-EAFF-4CE6-9ED8-08FE7D4BB632}.Debug|Any CPU.ActiveCfg = Debug|iPhone
		{6058F64E-EAFF-4CE6-9ED8-08FE7D4BB632}.Debug|ARM.ActiveCfg = Debug|iPhone
		{6058F64E-EAFF-4CE6-9ED8-08FE7D4BB632}.Debug|iPhone.ActiveCfg = Debug|iPhone
		{6058F64E-EAFF-4CE6-9ED8-08FE7D4BB632}.Debug|iPhone.Build.0 = Debug|iPhone
		{6058F64E-EAFF-4CE6-9ED8-08FE7D4BB632}.Debug|iPhoneSimulator.ActiveCfg = Debug|iPhoneSimulator
		{6058F64E-EAFF-4CE6-9ED8-08FE7D4BB632}.Debug|iPhoneSimulator.Build.0 = Debug|iPhoneSimulator
		{6058F64E-EAFF-4CE6-9ED8-08FE7D4BB632}.Debug|x64.ActiveCfg = Debug|iPhone
		{6058F64E-EAFF-4CE6-9ED8-08FE7D4BB632}.Debug|x86.ActiveCfg = Debug|iPhone
		{6058F64E-EAFF-4CE6-9ED8-08FE7D4BB632}.Release|Any CPU.ActiveCfg = Release|iPhone
		{6058F64E-EAFF-4CE6-9ED8-08FE7D4BB632}.Release|ARM.ActiveCfg = Release|iPhone
		{6058F64E-EAFF-4CE6-9ED8-08FE7D4BB632}.Release|iPhone.ActiveCfg = Release|iPhone
		{6058F64E-EAFF-4CE6-9ED8-08FE7D4BB632}.Release|iPhone.Build.0 = Release|iPhone
		{6058F64E-EAFF-4CE6-9ED8-08FE7D4BB632}.Release|iPhoneSimulator.ActiveCfg = Release|iPhoneSimulator
		{6058F64E-EAFF-4CE6-9ED8-08FE7D4BB632}.Release|iPhoneSimulator.Build.0 = Release|iPhoneSimulator
		{6058F64E-EAFF-4CE6-9ED8-08FE7D4BB632}.Release|x64.ActiveCfg = Release|iPhone
		{6058F64E-EAFF-4CE6-9ED8-08FE7D4BB632}.Release|x86.ActiveCfg = Release|iPhone
	EndGlobalSection
	GlobalSection(SolutionProperties) = preSolution
		HideSolutionNode = FALSE
	EndGlobalSection
EndGlobal
